
Microsoft Visual Studio Solution File, Format Version 12.00
# Visual Studio Version 16
VisualStudioVersion = 16.0.31729.503
MinimumVisualStudioVersion = 10.0.40219.1
Project("{FAE04EC0-301F-11D3-BF4B-00C04F79EFBC}") = "Generics", "Generics\Generics.csproj", "{824A81D7-62A5-42C3-B93B-5F612F966206}"
EndProject
Global
	GlobalSection(SolutionConfigurationPlatforms) = preSolution
		Debug|Any CPU = Debug|Any CPU
		Release|Any CPU = Release|Any CPU
	EndGlobalSection
	GlobalSection(ProjectConfigurationPlatforms) = postSolution
		{824A81D7-62A5-42C3-B93B-5F612F966206}.Debug|Any CPU.ActiveCfg = Debug|Any CPU
		{824A81D7-62A5-42C3-B93B-5F612F966206}.Debug|Any CPU.Build.0 = Debug|Any CPU
		{824A81D7-62A5-42C3-B93B-5F612F966206}.Release|Any CPU.ActiveCfg = Release|Any CPU
		{824A81D7-62A5-42C3-B93B-5F612F966206}.Release|Any CPU.Build.0 = Release|Any CPU
	EndGlobalSection
	GlobalSection(SolutionProperties) = preSolution
		HideSolutionNode = FALSE
	EndGlobalSection
	GlobalSection(ExtensibilityGlobals) = postSolution
		SolutionGuid = {F6D6BBF7-9108-4CEE-91BD-58AFFBDB4EF8}
	EndGlobalSection
EndGlobal
