
Microsoft Visual Studio Solution File, Format Version 12.00
# Visual Studio Version 16
VisualStudioVersion = 16.0.31729.503
MinimumVisualStudioVersion = 10.0.40219.1
Project("{FAE04EC0-301F-11D3-BF4B-00C04F79EFBC}") = "Collection", "Collection\Collection.csproj", "{0464193C-C832-4669-B50F-55AED61A2B0B}"
EndProject
Global
	GlobalSection(SolutionConfigurationPlatforms) = preSolution
		Debug|Any CPU = Debug|Any CPU
		Release|Any CPU = Release|Any CPU
	EndGlobalSection
	GlobalSection(ProjectConfigurationPlatforms) = postSolution
		{0464193C-C832-4669-B50F-55AED61A2B0B}.Debug|Any CPU.ActiveCfg = Debug|Any CPU
		{0464193C-C832-4669-B50F-55AED61A2B0B}.Debug|Any CPU.Build.0 = Debug|Any CPU
		{0464193C-C832-4669-B50F-55AED61A2B0B}.Release|Any CPU.ActiveCfg = Release|Any CPU
		{0464193C-C832-4669-B50F-55AED61A2B0B}.Release|Any CPU.Build.0 = Release|Any CPU
	EndGlobalSection
	GlobalSection(SolutionProperties) = preSolution
		HideSolutionNode = FALSE
	EndGlobalSection
	GlobalSection(ExtensibilityGlobals) = postSolution
		SolutionGuid = {6DA27AC9-06FD-4E35-81F0-925C5CEEF961}
	EndGlobalSection
EndGlobal
